trainme:
  cmd: python train.py
  deps:
  - path: users.csv
    md5: 5febbef14389ebcfc3e501fa1091adcb
  params:
    params.yaml:
      dense: 20
      epochs: 5
      log_file: plots.csv
  outs:
  - path: logs
    md5: a9551156fce3b71a81973bfe9318bd1f.dir
  - path: plots.csv
    md5: 2ca82060162f6424fb77d1c1d9c6f8c0
  - path: summary.json
    md5: b2d2a8e289538b4a2989b8f5968ba570
