trainme:
  cmd: python train.py
  deps:
  - path: users.csv
    md5: 5febbef14389ebcfc3e501fa1091adcb
  params:
    params.yaml:
      dense: 128
      epochs: 5
      log_file: plots.csv
  outs:
  - path: logs
    md5: 7fce72b84d096020784983a9cf99f1e5.dir
  - path: plots.csv
    md5: f5135aaed769711da57f07096537bdab
  - path: summary.json
    md5: 346b5455a5ff33553cf7e78759aad1f2
